<?xml version="1.0" encoding="utf-8"?>
<Project ToolsVersion="4.0" xmlns="http://schemas.microsoft.com/developer/msbuild/2003">
  <ItemGroup>
    <Filter Include="Source Files">
      <UniqueIdentifier>{4FC737F1-C7A5-4376-A066-2A32D752A2FF}</UniqueIdentifier>
      <Extensions>cpp;c;cc;cxx;c++;def;odl;idl;hpj;bat;asm;asmx</Extensions>
    </Filter>
    <Filter Include="Header Files">
      <UniqueIdentifier>{93995380-89BD-4b04-88EB-625FBE52EBFB}</UniqueIdentifier>
      <Extensions>h;hh;hpp;hxx;h++;hm;inl;inc;ipp;xsd</Extensions>
    </Filter>
    <Filter Include="Shader Stuff">
      <UniqueIdentifier>{80036769-ef2f-4b05-9b5b-2994d90eea0f}</UniqueIdentifier>
    </Filter>
    <Filter Include="VAO and Model">
      <UniqueIdentifier>{d5277e28-bb31-4969-ad2d-269acb70b7f5}</UniqueIdentifier>
    </Filter>
    <Filter Include="LightManager">
      <UniqueIdentifier>{f3868e69-e241-4dc2-9205-95c6d00e9770}</UniqueIdentifier>
    </Filter>
    <Filter Include="TexureManager">
      <UniqueIdentifier>{d769db62-0573-466e-9bb4-8c18bb5c102c}</UniqueIdentifier>
    </Filter>
    <Filter Include="Camera">
      <UniqueIdentifier>{7056673f-9c5b-4cd9-b646-ebe32e1a3b11}</UniqueIdentifier>
    </Filter>
    <Filter Include="Joystick">
      <UniqueIdentifier>{f4264f9e-3bec-4469-8772-2e099890a37b}</UniqueIdentifier>
    </Filter>
  </ItemGroup>
  <ItemGroup>
    <ClCompile Include="theMain.cpp">
      <Filter>Source Files</Filter>
    </ClCompile>
    <ClCompile Include="glad.c">
      <Filter>Source Files</Filter>
    </ClCompile>
    <ClCompile Include="cShader.cpp">
      <Filter>Shader Stuff</Filter>
    </ClCompile>
    <ClCompile Include="cShaderManager.cpp">
      <Filter>Shader Stuff</Filter>
    </ClCompile>
    <ClCompile Include="cVAOManager.cpp">
      <Filter>VAO and Model</Filter>
    </ClCompile>
    <ClCompile Include="cMeshObject.cpp">
      <Filter>Source Files</Filter>
    </ClCompile>
    <ClCompile Include="LoadModelCode.cpp">
      <Filter>Source Files</Filter>
    </ClCompile>
    <ClCompile Include="IOKeyboardMouse.cpp">
      <Filter>Source Files</Filter>
    </ClCompile>
    <ClCompile Include="LightManager\cLightHelper.cpp">
      <Filter>LightManager</Filter>
    </ClCompile>
    <ClCompile Include="LightManager\cLightManager.cpp">
      <Filter>LightManager</Filter>
    </ClCompile>
    <ClCompile Include="cBasicTextureManager\C24BitBMPpixel.cpp">
      <Filter>TexureManager</Filter>
    </ClCompile>
    <ClCompile Include="cBasicTextureManager\cBasicTextureManager.cpp">
      <Filter>TexureManager</Filter>
    </ClCompile>
    <ClCompile Include="cBasicTextureManager\CTextureFromBMP.cpp">
      <Filter>TexureManager</Filter>
    </ClCompile>
    <ClCompile Include="FlyCamera\cFlyCamera.cpp">
      <Filter>Camera</Filter>
    </ClCompile>
    <ClCompile Include="Joystick\cJoystickManager.cpp">
      <Filter>Joystick</Filter>
    </ClCompile>
  </ItemGroup>
  <ItemGroup>
    <ClInclude Include="cShaderManager.h">
      <Filter>Shader Stuff</Filter>
    </ClInclude>
    <ClInclude Include="cVAOManager.h">
      <Filter>VAO and Model</Filter>
    </ClInclude>
    <ClInclude Include="globalOpenGLStuff.h">
      <Filter>Header Files</Filter>
    </ClInclude>
    <ClInclude Include="cMeshObject.h">
      <Filter>Header Files</Filter>
    </ClInclude>
    <ClInclude Include="globalThings.h">
      <Filter>Header Files</Filter>
    </ClInclude>
    <ClInclude Include="LightManager\cLightHelper.h">
      <Filter>LightManager</Filter>
    </ClInclude>
    <ClInclude Include="LightManager\cLightManager.h">
      <Filter>LightManager</Filter>
    </ClInclude>
    <ClInclude Include="cBasicTextureManager\CTextureFromBMP.h">
      <Filter>TexureManager</Filter>
    </ClInclude>
    <ClInclude Include="cBasicTextureManager\C24BitBMPpixel.h">
      <Filter>TexureManager</Filter>
    </ClInclude>
    <ClInclude Include="cBasicTextureManager\cBasicTextureManager.h">
      <Filter>TexureManager</Filter>
    </ClInclude>
    <ClInclude Include="FlyCamera\iCamera.h">
      <Filter>Camera</Filter>
    </ClInclude>
    <ClInclude Include="FlyCamera\cFlyCamera.h">
      <Filter>Camera</Filter>
    </ClInclude>
    <ClInclude Include="Joystick\cJoystickManager.h">
      <Filter>Joystick</Filter>
    </ClInclude>
  </ItemGroup>
  <ItemGroup>
    <None Include="simpleFragment.glsl">
      <Filter>Shader Stuff</Filter>
    </None>
    <None Include="simpleVertex.glsl">
      <Filter>Shader Stuff</Filter>
    </None>
  </ItemGroup>
</Project>